
Microsoft Visual Studio Solution File, Format Version 12.00
# Visual Studio Version 17
VisualStudioVersion = 17.7.34024.191
MinimumVisualStudioVersion = 10.0.40219.1
Project("{FAE04EC0-301F-11D3-BF4B-00C04F79EFBC}") = "PRN_Slot_7", "PRN_Slot_7\PRN_Slot_7.csproj", "{A3AEB061-B842-4D76-A536-8AD6D45BA241}"
EndProject
Global
	GlobalSection(SolutionConfigurationPlatforms) = preSolution
		Debug|Any CPU = Debug|Any CPU
		Release|Any CPU = Release|Any CPU
	EndGlobalSection
	GlobalSection(ProjectConfigurationPlatforms) = postSolution
		{A3AEB061-B842-4D76-A536-8AD6D45BA241}.Debug|Any CPU.ActiveCfg = Debug|Any CPU
		{A3AEB061-B842-4D76-A536-8AD6D45BA241}.Debug|Any CPU.Build.0 = Debug|Any CPU
		{A3AEB061-B842-4D76-A536-8AD6D45BA241}.Release|Any CPU.ActiveCfg = Release|Any CPU
		{A3AEB061-B842-4D76-A536-8AD6D45BA241}.Release|Any CPU.Build.0 = Release|Any CPU
	EndGlobalSection
	GlobalSection(SolutionProperties) = preSolution
		HideSolutionNode = FALSE
	EndGlobalSection
	GlobalSection(ExtensibilityGlobals) = postSolution
		SolutionGuid = {7679D978-DE8B-4BC7-827C-DA68BC9F1E59}
	EndGlobalSection
EndGlobal
